
Microsoft Visual Studio Solution File, Format Version 12.00
# Visual Studio Version 16
VisualStudioVersion = 16.0.29920.165
MinimumVisualStudioVersion = 10.0.40219.1
Project("{2150E333-8FDC-42A3-9474-1A3956D46DE8}") = "01-Core", "01-Core", "{952ACBF0-7B02-4DBA-84BF-4349E3F44A4E}"
EndProject
Project("{2150E333-8FDC-42A3-9474-1A3956D46DE8}") = "02-Application", "02-Application", "{30E771FC-151D-4D48-8AD6-38F2CA4281A1}"
EndProject
Project("{2150E333-8FDC-42A3-9474-1A3956D46DE8}") = "03-Presentation", "03-Presentation", "{79B8517F-B3EE-4698-B279-32C246F05060}"
EndProject
Project("{2150E333-8FDC-42A3-9474-1A3956D46DE8}") = "04-Integration", "04-Integration", "{0CBE5BD4-C085-45A0-9A53-40AE05DB52A4}"
EndProject
Project("{2150E333-8FDC-42A3-9474-1A3956D46DE8}") = "05-Test", "05-Test", "{AA6AB919-5327-40E0-9F29-71FDDB915A97}"
EndProject
Project("{2150E333-8FDC-42A3-9474-1A3956D46DE8}") = "Domain", "Domain", "{2FBB0F50-3711-4A38-84B0-A0215AE0524F}"
EndProject
Project("{9A19103F-16F7-4668-BE54-9A1E7A4F7556}") = "Payment.Domain", "Application\Domain\Payment.Domain\Payment.Domain.csproj", "{21E05427-1153-4776-B397-620AAF1C27B7}"
EndProject
Project("{FAE04EC0-301F-11D3-BF4B-00C04F79EFBC}") = "Payment.Core.Enumeration", "Core\Payment.Core.Enumeration\Payment.Core.Enumeration.csproj", "{D4321266-B9B9-491D-9F15-FA4AA126B1B8}"
EndProject
Global
	GlobalSection(SolutionConfigurationPlatforms) = preSolution
		Debug|Any CPU = Debug|Any CPU
		Release|Any CPU = Release|Any CPU
	EndGlobalSection
	GlobalSection(ProjectConfigurationPlatforms) = postSolution
		{21E05427-1153-4776-B397-620AAF1C27B7}.Debug|Any CPU.ActiveCfg = Debug|Any CPU
		{21E05427-1153-4776-B397-620AAF1C27B7}.Debug|Any CPU.Build.0 = Debug|Any CPU
		{21E05427-1153-4776-B397-620AAF1C27B7}.Release|Any CPU.ActiveCfg = Release|Any CPU
		{21E05427-1153-4776-B397-620AAF1C27B7}.Release|Any CPU.Build.0 = Release|Any CPU
		{D4321266-B9B9-491D-9F15-FA4AA126B1B8}.Debug|Any CPU.ActiveCfg = Debug|Any CPU
		{D4321266-B9B9-491D-9F15-FA4AA126B1B8}.Debug|Any CPU.Build.0 = Debug|Any CPU
		{D4321266-B9B9-491D-9F15-FA4AA126B1B8}.Release|Any CPU.ActiveCfg = Release|Any CPU
		{D4321266-B9B9-491D-9F15-FA4AA126B1B8}.Release|Any CPU.Build.0 = Release|Any CPU
	EndGlobalSection
	GlobalSection(SolutionProperties) = preSolution
		HideSolutionNode = FALSE
	EndGlobalSection
	GlobalSection(NestedProjects) = preSolution
		{2FBB0F50-3711-4A38-84B0-A0215AE0524F} = {30E771FC-151D-4D48-8AD6-38F2CA4281A1}
		{21E05427-1153-4776-B397-620AAF1C27B7} = {2FBB0F50-3711-4A38-84B0-A0215AE0524F}
		{D4321266-B9B9-491D-9F15-FA4AA126B1B8} = {952ACBF0-7B02-4DBA-84BF-4349E3F44A4E}
	EndGlobalSection
	GlobalSection(ExtensibilityGlobals) = postSolution
		SolutionGuid = {A45AA636-3985-41AB-AD3A-5A5E3A7E65EC}
	EndGlobalSection
EndGlobal
